// !$*UTF8*$!
{
	archiveVersion = 1;
	classes = {
	};
	objectVersion = 77;
	objects = {

/* Begin PBXBuildFile section */
		2137F0172CA2B52000D39C45 /* SuprSendSwiftExample-iOSNotificationService.appex in Embed Foundation Extensions */ = {isa = PBXBuildFile; fileRef = 2137F0102CA2B52000D39C45 /* SuprSendSwiftExample-iOSNotificationService.appex */; settings = {ATTRIBUTES = (RemoveHeadersOnCopy, ); }; };
		214A6C862CC8B49D005BA125 /* SuprSendSwift in Frameworks */ = {isa = PBXBuildFile; productRef = 214A6C852CC8B49D005BA125 /* SuprSendSwift */; };
		214A6C882CC8B4EB005BA125 /* SuprSendSwift in Frameworks */ = {isa = PBXBuildFile; productRef = 214A6C872CC8B4EB005BA125 /* SuprSendSwift */; };
		218DB8882CA290690031B465 /* PartialSheet in Frameworks */ = {isa = PBXBuildFile; productRef = 218DB8872CA290690031B465 /* PartialSheet */; };
/* End PBXBuildFile section */

/* Begin PBXContainerItemProxy section */
		2137F0152CA2B52000D39C45 /* PBXContainerItemProxy */ = {
			isa = PBXContainerItemProxy;
			containerPortal = 21955F042CA27CC500B205A1 /* Project object */;
			proxyType = 1;
			remoteGlobalIDString = 2137F00F2CA2B52000D39C45;
			remoteInfo = "SuprSendSwiftExample-iOSNotificationService";
		};
/* End PBXContainerItemProxy section */

/* Begin PBXCopyFilesBuildPhase section */
		2100F4962CA2E20D000B9131 /* Embed Frameworks */ = {
			isa = PBXCopyFilesBuildPhase;
			buildActionMask = 2147483647;
			dstPath = "";
			dstSubfolderSpec = 10;
			files = (
			);
			name = "Embed Frameworks";
			runOnlyForDeploymentPostprocessing = 0;
		};
		2137F01C2CA2B52000D39C45 /* Embed Foundation Extensions */ = {
			isa = PBXCopyFilesBuildPhase;
			buildActionMask = 2147483647;
			dstPath = "";
			dstSubfolderSpec = 13;
			files = (
				2137F0172CA2B52000D39C45 /* SuprSendSwiftExample-iOSNotificationService.appex in Embed Foundation Extensions */,
			);
			name = "Embed Foundation Extensions";
			runOnlyForDeploymentPostprocessing = 0;
		};
		217DEDE32CAB3182002C9C87 /* Embed Frameworks */ = {
			isa = PBXCopyFilesBuildPhase;
			buildActionMask = 2147483647;
			dstPath = "";
			dstSubfolderSpec = 10;
			files = (
			);
			name = "Embed Frameworks";
			runOnlyForDeploymentPostprocessing = 0;
		};
/* End PBXCopyFilesBuildPhase section */

/* Begin PBXFileReference section */
		2137F0102CA2B52000D39C45 /* SuprSendSwiftExample-iOSNotificationService.appex */ = {isa = PBXFileReference; explicitFileType = "wrapper.app-extension"; includeInIndex = 0; path = "SuprSendSwiftExample-iOSNotificationService.appex"; sourceTree = BUILT_PRODUCTS_DIR; };
		217DEDC52CAB302F002C9C87 /* SuprSendObjcExample-iOS.app */ = {isa = PBXFileReference; explicitFileType = wrapper.application; includeInIndex = 0; path = "SuprSendObjcExample-iOS.app"; sourceTree = BUILT_PRODUCTS_DIR; };
		218DB7E22CA28F3B0031B465 /* SuprSendSwiftExample-iOS.app */ = {isa = PBXFileReference; explicitFileType = wrapper.application; includeInIndex = 0; path = "SuprSendSwiftExample-iOS.app"; sourceTree = BUILT_PRODUCTS_DIR; };
/* End PBXFileReference section */

/* Begin PBXFileSystemSynchronizedBuildFileExceptionSet section */
		210CDE4C2CC0A61B006B167E /* Exceptions for "SuprSendSwiftExample-iOS" folder in "SuprSendSwiftExample-iOSNotificationService" target */ = {
			isa = PBXFileSystemSynchronizedBuildFileExceptionSet;
			membershipExceptions = (
				SuprSendConstants.swift,
			);
			target = 2137F00F2CA2B52000D39C45 /* SuprSendSwiftExample-iOSNotificationService */;
		};
		210CDE4D2CC0A6D3006B167E /* Exceptions for "SuprSendSwiftExample-iOS" folder in "SuprSendSwiftExample-iOS" target */ = {
			isa = PBXFileSystemSynchronizedBuildFileExceptionSet;
			membershipExceptions = (
				Info.plist,
			);
			target = 218DB7E12CA28F3B0031B465 /* SuprSendSwiftExample-iOS */;
		};
		210CDE4E2CC0A6FC006B167E /* Exceptions for "SuprSendSwiftExample-iOSNotificationService" folder in "SuprSendSwiftExample-iOSNotificationService" target */ = {
			isa = PBXFileSystemSynchronizedBuildFileExceptionSet;
			membershipExceptions = (
				Info.plist,
			);
			target = 2137F00F2CA2B52000D39C45 /* SuprSendSwiftExample-iOSNotificationService */;
		};
/* End PBXFileSystemSynchronizedBuildFileExceptionSet section */

/* Begin PBXFileSystemSynchronizedRootGroup section */
		2137F0112CA2B52000D39C45 /* SuprSendSwiftExample-iOSNotificationService */ = {
			isa = PBXFileSystemSynchronizedRootGroup;
			exceptions = (
				210CDE4E2CC0A6FC006B167E /* Exceptions for "SuprSendSwiftExample-iOSNotificationService" folder in "SuprSendSwiftExample-iOSNotificationService" target */,
			);
			path = "SuprSendSwiftExample-iOSNotificationService";
			sourceTree = "<group>";
		};
		217DEDC62CAB302F002C9C87 /* SuprSendObjcExample-iOS */ = {
			isa = PBXFileSystemSynchronizedRootGroup;
			path = "SuprSendObjcExample-iOS";
			sourceTree = "<group>";
		};
		218DB7E32CA28F3B0031B465 /* SuprSendSwiftExample-iOS */ = {
			isa = PBXFileSystemSynchronizedRootGroup;
			exceptions = (
				210CDE4D2CC0A6D3006B167E /* Exceptions for "SuprSendSwiftExample-iOS" folder in "SuprSendSwiftExample-iOS" target */,
				210CDE4C2CC0A61B006B167E /* Exceptions for "SuprSendSwiftExample-iOS" folder in "SuprSendSwiftExample-iOSNotificationService" target */,
			);
			path = "SuprSendSwiftExample-iOS";
			sourceTree = "<group>";
		};
/* End PBXFileSystemSynchronizedRootGroup section */

/* Begin PBXFrameworksBuildPhase section */
		2137F00D2CA2B52000D39C45 /* Frameworks */ = {
			isa = PBXFrameworksBuildPhase;
			buildActionMask = 2147483647;
			files = (
				214A6C882CC8B4EB005BA125 /* SuprSendSwift in Frameworks */,
			);
			runOnlyForDeploymentPostprocessing = 0;
		};
		217DEDC22CAB302F002C9C87 /* Frameworks */ = {
			isa = PBXFrameworksBuildPhase;
			buildActionMask = 2147483647;
			files = (
			);
			runOnlyForDeploymentPostprocessing = 0;
		};
		218DB7DF2CA28F3B0031B465 /* Frameworks */ = {
			isa = PBXFrameworksBuildPhase;
			buildActionMask = 2147483647;
			files = (
				214A6C862CC8B49D005BA125 /* SuprSendSwift in Frameworks */,
				218DB8882CA290690031B465 /* PartialSheet in Frameworks */,
			);
			runOnlyForDeploymentPostprocessing = 0;
		};
/* End PBXFrameworksBuildPhase section */

/* Begin PBXGroup section */
		2137F01F2CA2B63100D39C45 /* Frameworks */ = {
			isa = PBXGroup;
			children = (
			);
			name = Frameworks;
			sourceTree = "<group>";
		};
		21955F032CA27CC500B205A1 = {
			isa = PBXGroup;
			children = (
				218DB7E32CA28F3B0031B465 /* SuprSendSwiftExample-iOS */,
				2137F0112CA2B52000D39C45 /* SuprSendSwiftExample-iOSNotificationService */,
				217DEDC62CAB302F002C9C87 /* SuprSendObjcExample-iOS */,
				2137F01F2CA2B63100D39C45 /* Frameworks */,
				21955F0E2CA27CC500B205A1 /* Products */,
			);
			sourceTree = "<group>";
		};
		21955F0E2CA27CC500B205A1 /* Products */ = {
			isa = PBXGroup;
			children = (
				218DB7E22CA28F3B0031B465 /* SuprSendSwiftExample-iOS.app */,
				2137F0102CA2B52000D39C45 /* SuprSendSwiftExample-iOSNotificationService.appex */,
				217DEDC52CAB302F002C9C87 /* SuprSendObjcExample-iOS.app */,
			);
			name = Products;
			sourceTree = "<group>";
		};
/* End PBXGroup section */

/* Begin PBXNativeTarget section */
		2137F00F2CA2B52000D39C45 /* SuprSendSwiftExample-iOSNotificationService */ = {
			isa = PBXNativeTarget;
			buildConfigurationList = 2137F0182CA2B52000D39C45 /* Build configuration list for PBXNativeTarget "SuprSendSwiftExample-iOSNotificationService" */;
			buildPhases = (
				2137F00C2CA2B52000D39C45 /* Sources */,
				2137F00D2CA2B52000D39C45 /* Frameworks */,
				2137F00E2CA2B52000D39C45 /* Resources */,
			);
			buildRules = (
			);
			dependencies = (
			);
			fileSystemSynchronizedGroups = (
				2137F0112CA2B52000D39C45 /* SuprSendSwiftExample-iOSNotificationService */,
			);
			name = "SuprSendSwiftExample-iOSNotificationService";
			packageProductDependencies = (
				214A6C872CC8B4EB005BA125 /* SuprSendSwift */,
			);
			productName = "SuprSendSwiftExample-iOSNotificationService";
			productReference = 2137F0102CA2B52000D39C45 /* SuprSendSwiftExample-iOSNotificationService.appex */;
			productType = "com.apple.product-type.app-extension";
		};
		217DEDC42CAB302F002C9C87 /* SuprSendObjcExample-iOS */ = {
			isa = PBXNativeTarget;
			buildConfigurationList = 217DEDDC2CAB3030002C9C87 /* Build configuration list for PBXNativeTarget "SuprSendObjcExample-iOS" */;
			buildPhases = (
				217DEDC12CAB302F002C9C87 /* Sources */,
				217DEDC22CAB302F002C9C87 /* Frameworks */,
				217DEDC32CAB302F002C9C87 /* Resources */,
				217DEDE32CAB3182002C9C87 /* Embed Frameworks */,
			);
			buildRules = (
			);
			dependencies = (
			);
			fileSystemSynchronizedGroups = (
				217DEDC62CAB302F002C9C87 /* SuprSendObjcExample-iOS */,
			);
			name = "SuprSendObjcExample-iOS";
			packageProductDependencies = (
			);
			productName = "SuprSendObjcExample-iOS";
			productReference = 217DEDC52CAB302F002C9C87 /* SuprSendObjcExample-iOS.app */;
			productType = "com.apple.product-type.application";
		};
		218DB7E12CA28F3B0031B465 /* SuprSendSwiftExample-iOS */ = {
			isa = PBXNativeTarget;
			buildConfigurationList = 218DB7EF2CA28F3C0031B465 /* Build configuration list for PBXNativeTarget "SuprSendSwiftExample-iOS" */;
			buildPhases = (
				218DB7DE2CA28F3B0031B465 /* Sources */,
				218DB7DF2CA28F3B0031B465 /* Frameworks */,
				218DB7E02CA28F3B0031B465 /* Resources */,
				2137F01C2CA2B52000D39C45 /* Embed Foundation Extensions */,
				2100F4962CA2E20D000B9131 /* Embed Frameworks */,
			);
			buildRules = (
			);
			dependencies = (
				2137F0162CA2B52000D39C45 /* PBXTargetDependency */,
			);
			fileSystemSynchronizedGroups = (
				218DB7E32CA28F3B0031B465 /* SuprSendSwiftExample-iOS */,
			);
			name = "SuprSendSwiftExample-iOS";
			packageProductDependencies = (
				218DB8872CA290690031B465 /* PartialSheet */,
				214A6C852CC8B49D005BA125 /* SuprSendSwift */,
			);
			productName = "SuprSendSwiftExample-iOS";
			productReference = 218DB7E22CA28F3B0031B465 /* SuprSendSwiftExample-iOS.app */;
			productType = "com.apple.product-type.application";
		};
/* End PBXNativeTarget section */

/* Begin PBXProject section */
		21955F042CA27CC500B205A1 /* Project object */ = {
			isa = PBXProject;
			attributes = {
				BuildIndependentTargetsInParallel = 1;
				LastSwiftUpdateCheck = 1600;
				LastUpgradeCheck = 1600;
				TargetAttributes = {
					2137F00F2CA2B52000D39C45 = {
						CreatedOnToolsVersion = 16.0;
					};
					217DEDC42CAB302F002C9C87 = {
						CreatedOnToolsVersion = 16.0;
					};
					218DB7E12CA28F3B0031B465 = {
						CreatedOnToolsVersion = 16.0;
					};
				};
			};
			buildConfigurationList = 21955F072CA27CC500B205A1 /* Build configuration list for PBXProject "SuprSendSwift" */;
			developmentRegion = en;
			hasScannedForEncodings = 0;
			knownRegions = (
				en,
				Base,
			);
			mainGroup = 21955F032CA27CC500B205A1;
			minimizedProjectReferenceProxies = 1;
			packageReferences = (
				218DB8862CA290690031B465 /* XCRemoteSwiftPackageReference "PartialSheet" */,
				214A6C842CC8B49D005BA125 /* XCLocalSwiftPackageReference "../../SuprSendSwift" */,
			);
			preferredProjectObjectVersion = 77;
			productRefGroup = 21955F0E2CA27CC500B205A1 /* Products */;
			projectDirPath = "";
			projectRoot = "";
			targets = (
				218DB7E12CA28F3B0031B465 /* SuprSendSwiftExample-iOS */,
				2137F00F2CA2B52000D39C45 /* SuprSendSwiftExample-iOSNotificationService */,
				217DEDC42CAB302F002C9C87 /* SuprSendObjcExample-iOS */,
			);
		};
/* End PBXProject section */

/* Begin PBXResourcesBuildPhase section */
		2137F00E2CA2B52000D39C45 /* Resources */ = {
			isa = PBXResourcesBuildPhase;
			buildActionMask = 2147483647;
			files = (
			);
			runOnlyForDeploymentPostprocessing = 0;
		};
		217DEDC32CAB302F002C9C87 /* Resources */ = {
			isa = PBXResourcesBuildPhase;
			buildActionMask = 2147483647;
			files = (
			);
			runOnlyForDeploymentPostprocessing = 0;
		};
		218DB7E02CA28F3B0031B465 /* Resources */ = {
			isa = PBXResourcesBuildPhase;
			buildActionMask = 2147483647;
			files = (
			);
			runOnlyForDeploymentPostprocessing = 0;
		};
/* End PBXResourcesBuildPhase section */

/* Begin PBXSourcesBuildPhase section */
		2137F00C2CA2B52000D39C45 /* Sources */ = {
			isa = PBXSourcesBuildPhase;
			buildActionMask = 2147483647;
			files = (
			);
			runOnlyForDeploymentPostprocessing = 0;
		};
		217DEDC12CAB302F002C9C87 /* Sources */ = {
			isa = PBXSourcesBuildPhase;
			buildActionMask = 2147483647;
			files = (
			);
			runOnlyForDeploymentPostprocessing = 0;
		};
		218DB7DE2CA28F3B0031B465 /* Sources */ = {
			isa = PBXSourcesBuildPhase;
			buildActionMask = 2147483647;
			files = (
			);
			runOnlyForDeploymentPostprocessing = 0;
		};
/* End PBXSourcesBuildPhase section */

/* Begin PBXTargetDependency section */
		2137F0162CA2B52000D39C45 /* PBXTargetDependency */ = {
			isa = PBXTargetDependency;
			target = 2137F00F2CA2B52000D39C45 /* SuprSendSwiftExample-iOSNotificationService */;
			targetProxy = 2137F0152CA2B52000D39C45 /* PBXContainerItemProxy */;
		};
/* End PBXTargetDependency section */

/* Begin XCBuildConfiguration section */
		2137F0192CA2B52000D39C45 /* Debug */ = {
			isa = XCBuildConfiguration;
			buildSettings = {
				CODE_SIGN_STYLE = Automatic;
				CURRENT_PROJECT_VERSION = 1;
				DEVELOPMENT_TEAM = G7DJURR5RJ;
				GENERATE_INFOPLIST_FILE = YES;
				INFOPLIST_FILE = "SuprSendSwiftExample-iOSNotificationService/Info.plist";
				INFOPLIST_KEY_CFBundleDisplayName = "SuprSendSwiftExample-iOSNotificationService";
				INFOPLIST_KEY_NSHumanReadableCopyright = "";
				IPHONEOS_DEPLOYMENT_TARGET = 15.6;
				LD_RUNPATH_SEARCH_PATHS = (
					"$(inherited)",
					"@executable_path/Frameworks",
					"@executable_path/../../Frameworks",
				);
				MARKETING_VERSION = 1.0;
				PRODUCT_BUNDLE_IDENTIFIER = suprsend.ecommerce.ECommerceAppSwiftUINotificationService;
				PRODUCT_NAME = "$(TARGET_NAME)";
				SDKROOT = iphoneos;
				SKIP_INSTALL = YES;
				SWIFT_EMIT_LOC_STRINGS = YES;
				SWIFT_VERSION = 5.0;
				TARGETED_DEVICE_FAMILY = "1,2";
			};
			name = Debug;
		};
		2137F01A2CA2B52000D39C45 /* Release */ = {
			isa = XCBuildConfiguration;
			buildSettings = {
				CODE_SIGN_STYLE = Automatic;
				CURRENT_PROJECT_VERSION = 1;
				DEVELOPMENT_TEAM = G7DJURR5RJ;
				GENERATE_INFOPLIST_FILE = YES;
				INFOPLIST_FILE = "SuprSendSwiftExample-iOSNotificationService/Info.plist";
				INFOPLIST_KEY_CFBundleDisplayName = "SuprSendSwiftExample-iOSNotificationService";
				INFOPLIST_KEY_NSHumanReadableCopyright = "";
				IPHONEOS_DEPLOYMENT_TARGET = 15.6;
				LD_RUNPATH_SEARCH_PATHS = (
					"$(inherited)",
					"@executable_path/Frameworks",
					"@executable_path/../../Frameworks",
				);
				MARKETING_VERSION = 1.0;
				PRODUCT_BUNDLE_IDENTIFIER = suprsend.ecommerce.ECommerceAppSwiftUINotificationService;
				PRODUCT_NAME = "$(TARGET_NAME)";
				SDKROOT = iphoneos;
				SKIP_INSTALL = YES;
				SWIFT_EMIT_LOC_STRINGS = YES;
				SWIFT_VERSION = 5.0;
				TARGETED_DEVICE_FAMILY = "1,2";
				VALIDATE_PRODUCT = YES;
			};
			name = Release;
		};
		217DEDDD2CAB3030002C9C87 /* Debug */ = {
			isa = XCBuildConfiguration;
			buildSettings = {
				ASSETCATALOG_COMPILER_APPICON_NAME = AppIcon;
				ASSETCATALOG_COMPILER_GLOBAL_ACCENT_COLOR_NAME = AccentColor;
				CODE_SIGN_STYLE = Automatic;
				CURRENT_PROJECT_VERSION = 1;
				DEVELOPMENT_TEAM = G7DJURR5RJ;
				GENERATE_INFOPLIST_FILE = YES;
				INFOPLIST_FILE = "SuprSendObjcExample-iOS/Info.plist";
				INFOPLIST_KEY_UIApplicationSupportsIndirectInputEvents = YES;
				INFOPLIST_KEY_UILaunchStoryboardName = LaunchScreen;
				INFOPLIST_KEY_UIMainStoryboardFile = Main;
				INFOPLIST_KEY_UISupportedInterfaceOrientations_iPad = "UIInterfaceOrientationPortrait UIInterfaceOrientationPortraitUpsideDown UIInterfaceOrientationLandscapeLeft UIInterfaceOrientationLandscapeRight";
				INFOPLIST_KEY_UISupportedInterfaceOrientations_iPhone = "UIInterfaceOrientationPortrait UIInterfaceOrientationLandscapeLeft UIInterfaceOrientationLandscapeRight";
				IPHONEOS_DEPLOYMENT_TARGET = 18.0;
				LD_RUNPATH_SEARCH_PATHS = (
					"$(inherited)",
					"@executable_path/Frameworks",
				);
				MARKETING_VERSION = 1.0;
				PRODUCT_BUNDLE_IDENTIFIER = suprsend.ecommerce;
				PRODUCT_NAME = "$(TARGET_NAME)";
				SDKROOT = iphoneos;
				SWIFT_EMIT_LOC_STRINGS = YES;
				TARGETED_DEVICE_FAMILY = "1,2";
			};
			name = Debug;
		};
		217DEDDE2CAB3030002C9C87 /* Release */ = {
			isa = XCBuildConfiguration;
			buildSettings = {
				ASSETCATALOG_COMPILER_APPICON_NAME = AppIcon;
				ASSETCATALOG_COMPILER_GLOBAL_ACCENT_COLOR_NAME = AccentColor;
				CODE_SIGN_STYLE = Automatic;
				CURRENT_PROJECT_VERSION = 1;
				DEVELOPMENT_TEAM = G7DJURR5RJ;
				GENERATE_INFOPLIST_FILE = YES;
				INFOPLIST_FILE = "SuprSendObjcExample-iOS/Info.plist";
				INFOPLIST_KEY_UIApplicationSupportsIndirectInputEvents = YES;
				INFOPLIST_KEY_UILaunchStoryboardName = LaunchScreen;
				INFOPLIST_KEY_UIMainStoryboardFile = Main;
				INFOPLIST_KEY_UISupportedInterfaceOrientations_iPad = "UIInterfaceOrientationPortrait UIInterfaceOrientationPortraitUpsideDown UIInterfaceOrientationLandscapeLeft UIInterfaceOrientationLandscapeRight";
				INFOPLIST_KEY_UISupportedInterfaceOrientations_iPhone = "UIInterfaceOrientationPortrait UIInterfaceOrientationLandscapeLeft UIInterfaceOrientationLandscapeRight";
				IPHONEOS_DEPLOYMENT_TARGET = 18.0;
				LD_RUNPATH_SEARCH_PATHS = (
					"$(inherited)",
					"@executable_path/Frameworks",
				);
				MARKETING_VERSION = 1.0;
				PRODUCT_BUNDLE_IDENTIFIER = suprsend.ecommerce;
				PRODUCT_NAME = "$(TARGET_NAME)";
				SDKROOT = iphoneos;
				SWIFT_EMIT_LOC_STRINGS = YES;
				TARGETED_DEVICE_FAMILY = "1,2";
				VALIDATE_PRODUCT = YES;
			};
			name = Release;
		};
		218DB7ED2CA28F3C0031B465 /* Debug */ = {
			isa = XCBuildConfiguration;
			buildSettings = {
				ASSETCATALOG_COMPILER_APPICON_NAME = AppIcon;
				ASSETCATALOG_COMPILER_GLOBAL_ACCENT_COLOR_NAME = AccentColor;
				CODE_SIGN_ENTITLEMENTS = "SuprSendSwiftExample-iOS/SuprSendSwiftExample-iOS.entitlements";
				CODE_SIGN_IDENTITY = "Apple Development";
				CODE_SIGN_STYLE = Automatic;
				CURRENT_PROJECT_VERSION = 8;
				DEVELOPMENT_ASSET_PATHS = "\"SuprSendSwiftExample-iOS/Preview Content\"";
				DEVELOPMENT_TEAM = G7DJURR5RJ;
				ENABLE_PREVIEWS = YES;
				GENERATE_INFOPLIST_FILE = YES;
				INFOPLIST_FILE = "SuprSendSwiftExample-iOS/Info.plist";
				INFOPLIST_KEY_UILaunchScreen_Generation = YES;
				INFOPLIST_KEY_UISupportedInterfaceOrientations_iPad = "UIInterfaceOrientationPortrait UIInterfaceOrientationPortraitUpsideDown UIInterfaceOrientationLandscapeLeft UIInterfaceOrientationLandscapeRight";
				INFOPLIST_KEY_UISupportedInterfaceOrientations_iPhone = "UIInterfaceOrientationPortrait UIInterfaceOrientationLandscapeLeft UIInterfaceOrientationLandscapeRight";
				IPHONEOS_DEPLOYMENT_TARGET = 15.6;
				LD_RUNPATH_SEARCH_PATHS = (
					"$(inherited)",
					"@executable_path/Frameworks",
				);
				MARKETING_VERSION = 2.0;
				PRODUCT_BUNDLE_IDENTIFIER = suprsend.ecommerce;
				PRODUCT_NAME = "$(TARGET_NAME)";
				PROVISIONING_PROFILE_SPECIFIER = "";
				SDKROOT = iphoneos;
				SWIFT_EMIT_LOC_STRINGS = YES;
				SWIFT_VERSION = 5.0;
				TARGETED_DEVICE_FAMILY = "1,2";
			};
			name = Debug;
		};
		218DB7EE2CA28F3C0031B465 /* Release */ = {
			isa = XCBuildConfiguration;
			buildSettings = {
				ASSETCATALOG_COMPILER_APPICON_NAME = AppIcon;
				ASSETCATALOG_COMPILER_GLOBAL_ACCENT_COLOR_NAME = AccentColor;
				CODE_SIGN_ENTITLEMENTS = "SuprSendSwiftExample-iOS/SuprSendSwiftExample-iOS.entitlements";
				CODE_SIGN_IDENTITY = "Apple Development";
				CODE_SIGN_STYLE = Automatic;
				CURRENT_PROJECT_VERSION = 8;
				DEVELOPMENT_ASSET_PATHS = "\"SuprSendSwiftExample-iOS/Preview Content\"";
				DEVELOPMENT_TEAM = G7DJURR5RJ;
				ENABLE_PREVIEWS = YES;
				GENERATE_INFOPLIST_FILE = YES;
				INFOPLIST_FILE = "SuprSendSwiftExample-iOS/Info.plist";
				INFOPLIST_KEY_UILaunchScreen_Generation = YES;
				INFOPLIST_KEY_UISupportedInterfaceOrientations_iPad = "UIInterfaceOrientationPortrait UIInterfaceOrientationPortraitUpsideDown UIInterfaceOrientationLandscapeLeft UIInterfaceOrientationLandscapeRight";
				INFOPLIST_KEY_UISupportedInterfaceOrientations_iPhone = "UIInterfaceOrientationPortrait UIInterfaceOrientationLandscapeLeft UIInterfaceOrientationLandscapeRight";
				IPHONEOS_DEPLOYMENT_TARGET = 15.6;
				LD_RUNPATH_SEARCH_PATHS = (
					"$(inherited)",
					"@executable_path/Frameworks",
				);
				MARKETING_VERSION = 2.0;
				PRODUCT_BUNDLE_IDENTIFIER = suprsend.ecommerce;
				PRODUCT_NAME = "$(TARGET_NAME)";
				PROVISIONING_PROFILE_SPECIFIER = "";
				SDKROOT = iphoneos;
				SWIFT_EMIT_LOC_STRINGS = YES;
				SWIFT_VERSION = 5.0;
				TARGETED_DEVICE_FAMILY = "1,2";
				VALIDATE_PRODUCT = YES;
			};
			name = Release;
		};
		21955F232CA27CC500B205A1 /* Debug */ = {
			isa = XCBuildConfiguration;
			buildSettings = {
				ALWAYS_SEARCH_USER_PATHS = NO;
				ASSETCATALOG_COMPILER_GENERATE_SWIFT_ASSET_SYMBOL_EXTENSIONS = YES;
				CLANG_ANALYZER_NONNULL = YES;
				CLANG_ANALYZER_NUMBER_OBJECT_CONVERSION = YES_AGGRESSIVE;
				CLANG_CXX_LANGUAGE_STANDARD = "gnu++20";
				CLANG_ENABLE_MODULES = YES;
				CLANG_ENABLE_OBJC_ARC = YES;
				CLANG_ENABLE_OBJC_WEAK = YES;
				CLANG_WARN_BLOCK_CAPTURE_AUTORELEASING = YES;
				CLANG_WARN_BOOL_CONVERSION = YES;
				CLANG_WARN_COMMA = YES;
				CLANG_WARN_CONSTANT_CONVERSION = YES;
				CLANG_WARN_DEPRECATED_OBJC_IMPLEMENTATIONS = YES;
				CLANG_WARN_DIRECT_OBJC_ISA_USAGE = YES_ERROR;
				CLANG_WARN_DOCUMENTATION_COMMENTS = YES;
				CLANG_WARN_EMPTY_BODY = YES;
				CLANG_WARN_ENUM_CONVERSION = YES;
				CLANG_WARN_INFINITE_RECURSION = YES;
				CLANG_WARN_INT_CONVERSION = YES;
				CLANG_WARN_NON_LITERAL_NULL_CONVERSION = YES;
				CLANG_WARN_OBJC_IMPLICIT_RETAIN_SELF = YES;
				CLANG_WARN_OBJC_LITERAL_CONVERSION = YES;
				CLANG_WARN_OBJC_ROOT_CLASS = YES_ERROR;
				CLANG_WARN_QUOTED_INCLUDE_IN_FRAMEWORK_HEADER = YES;
				CLANG_WARN_RANGE_LOOP_ANALYSIS = YES;
				CLANG_WARN_STRICT_PROTOTYPES = YES;
				CLANG_WARN_SUSPICIOUS_MOVE = YES;
				CLANG_WARN_UNGUARDED_AVAILABILITY = YES_AGGRESSIVE;
				CLANG_WARN_UNREACHABLE_CODE = YES;
				CLANG_WARN__DUPLICATE_METHOD_MATCH = YES;
				COPY_PHASE_STRIP = NO;
				CURRENT_PROJECT_VERSION = 1;
				DEBUG_INFORMATION_FORMAT = dwarf;
				ENABLE_STRICT_OBJC_MSGSEND = YES;
				ENABLE_TESTABILITY = YES;
				ENABLE_USER_SCRIPT_SANDBOXING = YES;
				GCC_C_LANGUAGE_STANDARD = gnu17;
				GCC_DYNAMIC_NO_PIC = NO;
				GCC_NO_COMMON_BLOCKS = YES;
				GCC_OPTIMIZATION_LEVEL = 0;
				GCC_PREPROCESSOR_DEFINITIONS = (
					"DEBUG=1",
					"$(inherited)",
				);
				GCC_WARN_64_TO_32_BIT_CONVERSION = YES;
				GCC_WARN_ABOUT_RETURN_TYPE = YES_ERROR;
				GCC_WARN_UNDECLARED_SELECTOR = YES;
				GCC_WARN_UNINITIALIZED_AUTOS = YES_AGGRESSIVE;
				GCC_WARN_UNUSED_FUNCTION = YES;
				GCC_WARN_UNUSED_VARIABLE = YES;
				LOCALIZATION_PREFERS_STRING_CATALOGS = YES;
				MTL_ENABLE_DEBUG_INFO = INCLUDE_SOURCE;
				MTL_FAST_MATH = YES;
				ONLY_ACTIVE_ARCH = YES;
				SWIFT_ACTIVE_COMPILATION_CONDITIONS = "DEBUG $(inherited)";
				SWIFT_OPTIMIZATION_LEVEL = "-Onone";
				VERSIONING_SYSTEM = "apple-generic";
				VERSION_INFO_PREFIX = "";
			};
			name = Debug;
		};
		21955F242CA27CC500B205A1 /* Release */ = {
			isa = XCBuildConfiguration;
			buildSettings = {
				ALWAYS_SEARCH_USER_PATHS = NO;
				ASSETCATALOG_COMPILER_GENERATE_SWIFT_ASSET_SYMBOL_EXTENSIONS = YES;
				CLANG_ANALYZER_NONNULL = YES;
				CLANG_ANALYZER_NUMBER_OBJECT_CONVERSION = YES_AGGRESSIVE;
				CLANG_CXX_LANGUAGE_STANDARD = "gnu++20";
				CLANG_ENABLE_MODULES = YES;
				CLANG_ENABLE_OBJC_ARC = YES;
				CLANG_ENABLE_OBJC_WEAK = YES;
				CLANG_WARN_BLOCK_CAPTURE_AUTORELEASING = YES;
				CLANG_WARN_BOOL_CONVERSION = YES;
				CLANG_WARN_COMMA = YES;
				CLANG_WARN_CONSTANT_CONVERSION = YES;
				CLANG_WARN_DEPRECATED_OBJC_IMPLEMENTATIONS = YES;
				CLANG_WARN_DIRECT_OBJC_ISA_USAGE = YES_ERROR;
				CLANG_WARN_DOCUMENTATION_COMMENTS = YES;
				CLANG_WARN_EMPTY_BODY = YES;
				CLANG_WARN_ENUM_CONVERSION = YES;
				CLANG_WARN_INFINITE_RECURSION = YES;
				CLANG_WARN_INT_CONVERSION = YES;
				CLANG_WARN_NON_LITERAL_NULL_CONVERSION = YES;
				CLANG_WARN_OBJC_IMPLICIT_RETAIN_SELF = YES;
				CLANG_WARN_OBJC_LITERAL_CONVERSION = YES;
				CLANG_WARN_OBJC_ROOT_CLASS = YES_ERROR;
				CLANG_WARN_QUOTED_INCLUDE_IN_FRAMEWORK_HEADER = YES;
				CLANG_WARN_RANGE_LOOP_ANALYSIS = YES;
				CLANG_WARN_STRICT_PROTOTYPES = YES;
				CLANG_WARN_SUSPICIOUS_MOVE = YES;
				CLANG_WARN_UNGUARDED_AVAILABILITY = YES_AGGRESSIVE;
				CLANG_WARN_UNREACHABLE_CODE = YES;
				CLANG_WARN__DUPLICATE_METHOD_MATCH = YES;
				COPY_PHASE_STRIP = NO;
				CURRENT_PROJECT_VERSION = 1;
				DEBUG_INFORMATION_FORMAT = "dwarf-with-dsym";
				ENABLE_NS_ASSERTIONS = NO;
				ENABLE_STRICT_OBJC_MSGSEND = YES;
				ENABLE_USER_SCRIPT_SANDBOXING = YES;
				GCC_C_LANGUAGE_STANDARD = gnu17;
				GCC_NO_COMMON_BLOCKS = YES;
				GCC_WARN_64_TO_32_BIT_CONVERSION = YES;
				GCC_WARN_ABOUT_RETURN_TYPE = YES_ERROR;
				GCC_WARN_UNDECLARED_SELECTOR = YES;
				GCC_WARN_UNINITIALIZED_AUTOS = YES_AGGRESSIVE;
				GCC_WARN_UNUSED_FUNCTION = YES;
				GCC_WARN_UNUSED_VARIABLE = YES;
				LOCALIZATION_PREFERS_STRING_CATALOGS = YES;
				MTL_ENABLE_DEBUG_INFO = NO;
				MTL_FAST_MATH = YES;
				SWIFT_COMPILATION_MODE = wholemodule;
				VERSIONING_SYSTEM = "apple-generic";
				VERSION_INFO_PREFIX = "";
			};
			name = Release;
		};
/* End XCBuildConfiguration section */

/* Begin XCConfigurationList section */
		2137F0182CA2B52000D39C45 /* Build configuration list for PBXNativeTarget "SuprSendSwiftExample-iOSNotificationService" */ = {
			isa = XCConfigurationList;
			buildConfigurations = (
				2137F0192CA2B52000D39C45 /* Debug */,
				2137F01A2CA2B52000D39C45 /* Release */,
			);
			defaultConfigurationIsVisible = 0;
			defaultConfigurationName = Release;
		};
		217DEDDC2CAB3030002C9C87 /* Build configuration list for PBXNativeTarget "SuprSendObjcExample-iOS" */ = {
			isa = XCConfigurationList;
			buildConfigurations = (
				217DEDDD2CAB3030002C9C87 /* Debug */,
				217DEDDE2CAB3030002C9C87 /* Release */,
			);
			defaultConfigurationIsVisible = 0;
			defaultConfigurationName = Release;
		};
		218DB7EF2CA28F3C0031B465 /* Build configuration list for PBXNativeTarget "SuprSendSwiftExample-iOS" */ = {
			isa = XCConfigurationList;
			buildConfigurations = (
				218DB7ED2CA28F3C0031B465 /* Debug */,
				218DB7EE2CA28F3C0031B465 /* Release */,
			);
			defaultConfigurationIsVisible = 0;
			defaultConfigurationName = Release;
		};
		21955F072CA27CC500B205A1 /* Build configuration list for PBXProject "SuprSendSwift" */ = {
			isa = XCConfigurationList;
			buildConfigurations = (
				21955F232CA27CC500B205A1 /* Debug */,
				21955F242CA27CC500B205A1 /* Release */,
			);
			defaultConfigurationIsVisible = 0;
			defaultConfigurationName = Release;
		};
/* End XCConfigurationList section */

/* Begin XCLocalSwiftPackageReference section */
		214A6C842CC8B49D005BA125 /* XCLocalSwiftPackageReference "../../SuprSendSwift" */ = {
			isa = XCLocalSwiftPackageReference;
			relativePath = ../../SuprSendSwift;
		};
/* End XCLocalSwiftPackageReference section */

/* Begin XCRemoteSwiftPackageReference section */
		218DB8862CA290690031B465 /* XCRemoteSwiftPackageReference "PartialSheet" */ = {
			isa = XCRemoteSwiftPackageReference;
			repositoryURL = "https://github.com/AndreaMiotto/PartialSheet.git";
			requirement = {
				kind = upToNextMajorVersion;
				minimumVersion = 0.0.4;
			};
		};
/* End XCRemoteSwiftPackageReference section */

/* Begin XCSwiftPackageProductDependency section */
		214A6C852CC8B49D005BA125 /* SuprSendSwift */ = {
			isa = XCSwiftPackageProductDependency;
			productName = SuprSendSwift;
		};
		214A6C872CC8B4EB005BA125 /* SuprSendSwift */ = {
			isa = XCSwiftPackageProductDependency;
			productName = SuprSendSwift;
		};
		218DB8872CA290690031B465 /* PartialSheet */ = {
			isa = XCSwiftPackageProductDependency;
			package = 218DB8862CA290690031B465 /* XCRemoteSwiftPackageReference "PartialSheet" */;
			productName = PartialSheet;
		};
/* End XCSwiftPackageProductDependency section */
	};
	rootObject = 21955F042CA27CC500B205A1 /* Project object */;
}
