{
  "originHash" : "822df50d76b92b4b40366c6b7a29f5c536599e88503423830b6529b5a65b1d34",
  "pins" : [
    {
      "identity" : "partialsheet",
      "kind" : "remoteSourceControl",
      "location" : "https://github.com/AndreaMiotto/PartialSheet.git",
      "state" : {
        "revision" : "cda3be6f769ec89c48b17317a598ef186c95ca5c",
        "version" : "0.1.0"
      }
    }
  ],
  "version" : 3
}
