{
  "originHash" : "ce34171d00f8330459c0f391339da69a3a1c2f7f2886f23567f2e408b300463a",
  "pins" : [
    {
      "identity" : "partialsheet",
      "kind" : "remoteSourceControl",
      "location" : "https://github.com/AndreaMiotto/PartialSheet.git",
      "state" : {
        "revision" : "cda3be6f769ec89c48b17317a598ef186c95ca5c",
        "version" : "0.1.0"
      }
    },
    {
      "identity" : "reachability.swift",
      "kind" : "remoteSourceControl",
      "location" : "https://github.com/ashleymills/Reachability.swift",
      "state" : {
        "branch" : "master",
        "revision" : "21d1dc412cfecbe6e34f1f4c4eb88d3f912654a6"
      }
    }
  ],
  "version" : 3
}
